
Microsoft Visual Studio Solution File, Format Version 12.00
# Visual Studio 15
VisualStudioVersion = 15.0.26730.8
MinimumVisualStudioVersion = 10.0.40219.1
Project("{9A19103F-16F7-4668-BE54-9A1E7A4F7556}") = "TradeBuilder.Web", "TradeBuilder.Web\TradeBuilder.Web.csproj", "{05FD017D-478B-469B-9496-4FC1244AD952}"
EndProject
Global
	GlobalSection(SolutionConfigurationPlatforms) = preSolution
		Debug|Any CPU = Debug|Any CPU
		Release|Any CPU = Release|Any CPU
	EndGlobalSection
	GlobalSection(ProjectConfigurationPlatforms) = postSolution
		{05FD017D-478B-469B-9496-4FC1244AD952}.Debug|Any CPU.ActiveCfg = Debug|Any CPU
		{05FD017D-478B-469B-9496-4FC1244AD952}.Debug|Any CPU.Build.0 = Debug|Any CPU
		{05FD017D-478B-469B-9496-4FC1244AD952}.Release|Any CPU.ActiveCfg = Release|Any CPU
		{05FD017D-478B-469B-9496-4FC1244AD952}.Release|Any CPU.Build.0 = Release|Any CPU
	EndGlobalSection
	GlobalSection(SolutionProperties) = preSolution
		HideSolutionNode = FALSE
	EndGlobalSection
	GlobalSection(ExtensibilityGlobals) = postSolution
		SolutionGuid = {312939EF-E748-4322-8B99-27A433D15A48}
	EndGlobalSection
EndGlobal
